// !$*UTF8*$!
{
	archiveVersion = 1;
	classes = {
	};
	objectVersion = 50;
	objects = {

/* Begin PBXBuildFile section */
		8416EA822733F50400FCA699 /* AppDelegate.swift in Sources */ = {isa = PBXBuildFile; fileRef = 8416EA812733F50400FCA699 /* AppDelegate.swift */; };
		8416EA842733F50400FCA699 /* SceneDelegate.swift in Sources */ = {isa = PBXBuildFile; fileRef = 8416EA832733F50400FCA699 /* SceneDelegate.swift */; };
		8416EA862733F50400FCA699 /* ViewController.swift in Sources */ = {isa = PBXBuildFile; fileRef = 8416EA852733F50400FCA699 /* ViewController.swift */; };
		8416EA892733F50400FCA699 /* Main.storyboard in Resources */ = {isa = PBXBuildFile; fileRef = 8416EA872733F50400FCA699 /* Main.storyboard */; };
		8416EA8B2733F51A00FCA699 /* Assets.xcassets in Resources */ = {isa = PBXBuildFile; fileRef = 8416EA8A2733F51A00FCA699 /* Assets.xcassets */; };
		8416EA8E2733F51A00FCA699 /* LaunchScreen.storyboard in Resources */ = {isa = PBXBuildFile; fileRef = 8416EA8C2733F51A00FCA699 /* LaunchScreen.storyboard */; };
		8416EA972733F6D800FCA699 /* MovieTableViewCell.swift in Sources */ = {isa = PBXBuildFile; fileRef = 8416EA962733F6D800FCA699 /* MovieTableViewCell.swift */; };
		8416EA9F27340AF500FCA699 /* MovieTableViewCell.xib in Resources */ = {isa = PBXBuildFile; fileRef = 8416EA9E27340AF500FCA699 /* MovieTableViewCell.xib */; };
		8416EAA3273418AD00FCA699 /* MovieModel.swift in Sources */ = {isa = PBXBuildFile; fileRef = 8416EAA2273418AD00FCA699 /* MovieModel.swift */; };
/* End PBXBuildFile section */

/* Begin PBXFileReference section */
		8416EA7E2733F50400FCA699 /* MovieKiller.app */ = {isa = PBXFileReference; explicitFileType = wrapper.application; includeInIndex = 0; path = MovieKiller.app; sourceTree = BUILT_PRODUCTS_DIR; };
		8416EA812733F50400FCA699 /* AppDelegate.swift */ = {isa = PBXFileReference; lastKnownFileType = sourcecode.swift; path = AppDelegate.swift; sourceTree = "<group>"; };
		8416EA832733F50400FCA699 /* SceneDelegate.swift */ = {isa = PBXFileReference; lastKnownFileType = sourcecode.swift; path = SceneDelegate.swift; sourceTree = "<group>"; };
		8416EA852733F50400FCA699 /* ViewController.swift */ = {isa = PBXFileReference; lastKnownFileType = sourcecode.swift; path = ViewController.swift; sourceTree = "<group>"; };
		8416EA882733F50400FCA699 /* Base */ = {isa = PBXFileReference; lastKnownFileType = file.storyboard; name = Base; path = Base.lproj/Main.storyboard; sourceTree = "<group>"; };
		8416EA8A2733F51A00FCA699 /* Assets.xcassets */ = {isa = PBXFileReference; lastKnownFileType = folder.assetcatalog; path = Assets.xcassets; sourceTree = "<group>"; };
		8416EA8D2733F51A00FCA699 /* Base */ = {isa = PBXFileReference; lastKnownFileType = file.storyboard; name = Base; path = Base.lproj/LaunchScreen.storyboard; sourceTree = "<group>"; };
		8416EA8F2733F51A00FCA699 /* Info.plist */ = {isa = PBXFileReference; lastKnownFileType = text.plist.xml; path = Info.plist; sourceTree = "<group>"; };
		8416EA962733F6D800FCA699 /* MovieTableViewCell.swift */ = {isa = PBXFileReference; lastKnownFileType = sourcecode.swift; path = MovieTableViewCell.swift; sourceTree = "<group>"; };
		8416EA9E27340AF500FCA699 /* MovieTableViewCell.xib */ = {isa = PBXFileReference; lastKnownFileType = file.xib; path = MovieTableViewCell.xib; sourceTree = "<group>"; };
		8416EAA2273418AD00FCA699 /* MovieModel.swift */ = {isa = PBXFileReference; lastKnownFileType = sourcecode.swift; path = MovieModel.swift; sourceTree = "<group>"; };
		8416EAAC2735652900FCA699 /* README.md */ = {isa = PBXFileReference; lastKnownFileType = net.daringfireball.markdown; path = README.md; sourceTree = "<group>"; };
/* End PBXFileReference section */

/* Begin PBXFrameworksBuildPhase section */
		8416EA7B2733F50400FCA699 /* Frameworks */ = {
			isa = PBXFrameworksBuildPhase;
			buildActionMask = 2147483647;
			files = (
			);
			runOnlyForDeploymentPostprocessing = 0;
		};
/* End PBXFrameworksBuildPhase section */

/* Begin PBXGroup section */
		8416EA752733F50400FCA699 = {
			isa = PBXGroup;
			children = (
				8416EA802733F50400FCA699 /* MovieKiller */,
				8416EA7F2733F50400FCA699 /* Products */,
			);
			sourceTree = "<group>";
		};
		8416EA7F2733F50400FCA699 /* Products */ = {
			isa = PBXGroup;
			children = (
				8416EA7E2733F50400FCA699 /* MovieKiller.app */,
			);
			name = Products;
			sourceTree = "<group>";
		};
		8416EA802733F50400FCA699 /* MovieKiller */ = {
			isa = PBXGroup;
			children = (
				8416EA812733F50400FCA699 /* AppDelegate.swift */,
				8416EA832733F50400FCA699 /* SceneDelegate.swift */,
				8416EA852733F50400FCA699 /* ViewController.swift */,
				8416EA872733F50400FCA699 /* Main.storyboard */,
				8416EA8A2733F51A00FCA699 /* Assets.xcassets */,
				8416EA8C2733F51A00FCA699 /* LaunchScreen.storyboard */,
				8416EA8F2733F51A00FCA699 /* Info.plist */,
				8416EA962733F6D800FCA699 /* MovieTableViewCell.swift */,
				8416EA9E27340AF500FCA699 /* MovieTableViewCell.xib */,
				8416EAA2273418AD00FCA699 /* MovieModel.swift */,
				8416EAAC2735652900FCA699 /* README.md */,
			);
			path = MovieKiller;
			sourceTree = "<group>";
		};
/* End PBXGroup section */

/* Begin PBXNativeTarget section */
		8416EA7D2733F50400FCA699 /* MovieKiller */ = {
			isa = PBXNativeTarget;
			buildConfigurationList = 8416EA922733F51A00FCA699 /* Build configuration list for PBXNativeTarget "MovieKiller" */;
			buildPhases = (
				8416EA7A2733F50400FCA699 /* Sources */,
				8416EA7B2733F50400FCA699 /* Frameworks */,
				8416EA7C2733F50400FCA699 /* Resources */,
			);
			buildRules = (
			);
			dependencies = (
			);
			name = MovieKiller;
			productName = MovieKiller;
			productReference = 8416EA7E2733F50400FCA699 /* MovieKiller.app */;
			productType = "com.apple.product-type.application";
		};
/* End PBXNativeTarget section */

/* Begin PBXProject section */
		8416EA762733F50400FCA699 /* Project object */ = {
			isa = PBXProject;
			attributes = {
				LastSwiftUpdateCheck = 1210;
				LastUpgradeCheck = 1210;
				TargetAttributes = {
					8416EA7D2733F50400FCA699 = {
						CreatedOnToolsVersion = 12.1;
					};
				};
			};
			buildConfigurationList = 8416EA792733F50400FCA699 /* Build configuration list for PBXProject "MovieKiller" */;
			compatibilityVersion = "Xcode 9.3";
			developmentRegion = en;
			hasScannedForEncodings = 0;
			knownRegions = (
				en,
				Base,
			);
			mainGroup = 8416EA752733F50400FCA699;
			productRefGroup = 8416EA7F2733F50400FCA699 /* Products */;
			projectDirPath = "";
			projectRoot = "";
			targets = (
				8416EA7D2733F50400FCA699 /* MovieKiller */,
			);
		};
/* End PBXProject section */

/* Begin PBXResourcesBuildPhase section */
		8416EA7C2733F50400FCA699 /* Resources */ = {
			isa = PBXResourcesBuildPhase;
			buildActionMask = 2147483647;
			files = (
				8416EA8E2733F51A00FCA699 /* LaunchScreen.storyboard in Resources */,
				8416EA8B2733F51A00FCA699 /* Assets.xcassets in Resources */,
				8416EA9F27340AF500FCA699 /* MovieTableViewCell.xib in Resources */,
				8416EA892733F50400FCA699 /* Main.storyboard in Resources */,
			);
			runOnlyForDeploymentPostprocessing = 0;
		};
/* End PBXResourcesBuildPhase section */

/* Begin PBXSourcesBuildPhase section */
		8416EA7A2733F50400FCA699 /* Sources */ = {
			isa = PBXSourcesBuildPhase;
			buildActionMask = 2147483647;
			files = (
				8416EA972733F6D800FCA699 /* MovieTableViewCell.swift in Sources */,
				8416EA862733F50400FCA699 /* ViewController.swift in Sources */,
				8416EAA3273418AD00FCA699 /* MovieModel.swift in Sources */,
				8416EA822733F50400FCA699 /* AppDelegate.swift in Sources */,
				8416EA842733F50400FCA699 /* SceneDelegate.swift in Sources */,
			);
			runOnlyForDeploymentPostprocessing = 0;
		};
/* End PBXSourcesBuildPhase section */

/* Begin PBXVariantGroup section */
		8416EA872733F50400FCA699 /* Main.storyboard */ = {
			isa = PBXVariantGroup;
			children = (
				8416EA882733F50400FCA699 /* Base */,
			);
			name = Main.storyboard;
			sourceTree = "<group>";
		};
		8416EA8C2733F51A00FCA699 /* LaunchScreen.storyboard */ = {
			isa = PBXVariantGroup;
			children = (
				8416EA8D2733F51A00FCA699 /* Base */,
			);
			name = LaunchScreen.storyboard;
			sourceTree = "<group>";
		};
/* End PBXVariantGroup section */

/* Begin XCBuildConfiguration section */
		8416EA902733F51A00FCA699 /* Debug */ = {
			isa = XCBuildConfiguration;
			buildSettings = {
				ALWAYS_SEARCH_USER_PATHS = NO;
				CLANG_ANALYZER_NONNULL = YES;
				CLANG_ANALYZER_NUMBER_OBJECT_CONVERSION = YES_AGGRESSIVE;
				CLANG_CXX_LANGUAGE_STANDARD = "gnu++14";
				CLANG_CXX_LIBRARY = "libc++";
				CLANG_ENABLE_MODULES = YES;
				CLANG_ENABLE_OBJC_ARC = YES;
				CLANG_ENABLE_OBJC_WEAK = YES;
				CLANG_WARN_BLOCK_CAPTURE_AUTORELEASING = YES;
				CLANG_WARN_BOOL_CONVERSION = YES;
				CLANG_WARN_COMMA = YES;
				CLANG_WARN_CONSTANT_CONVERSION = YES;
				CLANG_WARN_DEPRECATED_OBJC_IMPLEMENTATIONS = YES;
				CLANG_WARN_DIRECT_OBJC_ISA_USAGE = YES_ERROR;
				CLANG_WARN_DOCUMENTATION_COMMENTS = YES;
				CLANG_WARN_EMPTY_BODY = YES;
				CLANG_WARN_ENUM_CONVERSION = YES;
				CLANG_WARN_INFINITE_RECURSION = YES;
				CLANG_WARN_INT_CONVERSION = YES;
				CLANG_WARN_NON_LITERAL_NULL_CONVERSION = YES;
				CLANG_WARN_OBJC_IMPLICIT_RETAIN_SELF = YES;
				CLANG_WARN_OBJC_LITERAL_CONVERSION = YES;
				CLANG_WARN_OBJC_ROOT_CLASS = YES_ERROR;
				CLANG_WARN_QUOTED_INCLUDE_IN_FRAMEWORK_HEADER = YES;
				CLANG_WARN_RANGE_LOOP_ANALYSIS = YES;
				CLANG_WARN_STRICT_PROTOTYPES = YES;
				CLANG_WARN_SUSPICIOUS_MOVE = YES;
				CLANG_WARN_UNGUARDED_AVAILABILITY = YES_AGGRESSIVE;
				CLANG_WARN_UNREACHABLE_CODE = YES;
				CLANG_WARN__DUPLICATE_METHOD_MATCH = YES;
				COPY_PHASE_STRIP = NO;
				DEBUG_INFORMATION_FORMAT = dwarf;
				ENABLE_STRICT_OBJC_MSGSEND = YES;
				ENABLE_TESTABILITY = YES;
				GCC_C_LANGUAGE_STANDARD = gnu11;
				GCC_DYNAMIC_NO_PIC = NO;
				GCC_NO_COMMON_BLOCKS = YES;
				GCC_OPTIMIZATION_LEVEL = 0;
				GCC_PREPROCESSOR_DEFINITIONS = (
					"DEBUG=1",
					"$(inherited)",
				);
				GCC_WARN_64_TO_32_BIT_CONVERSION = YES;
				GCC_WARN_ABOUT_RETURN_TYPE = YES_ERROR;
				GCC_WARN_UNDECLARED_SELECTOR = YES;
				GCC_WARN_UNINITIALIZED_AUTOS = YES_AGGRESSIVE;
				GCC_WARN_UNUSED_FUNCTION = YES;
				GCC_WARN_UNUSED_VARIABLE = YES;
				IPHONEOS_DEPLOYMENT_TARGET = 14.1;
				MTL_ENABLE_DEBUG_INFO = INCLUDE_SOURCE;
				MTL_FAST_MATH = YES;
				ONLY_ACTIVE_ARCH = YES;
				SDKROOT = iphoneos;
				SWIFT_ACTIVE_COMPILATION_CONDITIONS = DEBUG;
				SWIFT_OPTIMIZATION_LEVEL = "-Onone";
			};
			name = Debug;
		};
		8416EA912733F51A00FCA699 /* Release */ = {
			isa = XCBuildConfiguration;
			buildSettings = {
				ALWAYS_SEARCH_USER_PATHS = NO;
				CLANG_ANALYZER_NONNULL = YES;
				CLANG_ANALYZER_NUMBER_OBJECT_CONVERSION = YES_AGGRESSIVE;
				CLANG_CXX_LANGUAGE_STANDARD = "gnu++14";
				CLANG_CXX_LIBRARY = "libc++";
				CLANG_ENABLE_MODULES = YES;
				CLANG_ENABLE_OBJC_ARC = YES;
				CLANG_ENABLE_OBJC_WEAK = YES;
				CLANG_WARN_BLOCK_CAPTURE_AUTORELEASING = YES;
				CLANG_WARN_BOOL_CONVERSION = YES;
				CLANG_WARN_COMMA = YES;
				CLANG_WARN_CONSTANT_CONVERSION = YES;
				CLANG_WARN_DEPRECATED_OBJC_IMPLEMENTATIONS = YES;
				CLANG_WARN_DIRECT_OBJC_ISA_USAGE = YES_ERROR;
				CLANG_WARN_DOCUMENTATION_COMMENTS = YES;
				CLANG_WARN_EMPTY_BODY = YES;
				CLANG_WARN_ENUM_CONVERSION = YES;
				CLANG_WARN_INFINITE_RECURSION = YES;
				CLANG_WARN_INT_CONVERSION = YES;
				CLANG_WARN_NON_LITERAL_NULL_CONVERSION = YES;
				CLANG_WARN_OBJC_IMPLICIT_RETAIN_SELF = YES;
				CLANG_WARN_OBJC_LITERAL_CONVERSION = YES;
				CLANG_WARN_OBJC_ROOT_CLASS = YES_ERROR;
				CLANG_WARN_QUOTED_INCLUDE_IN_FRAMEWORK_HEADER = YES;
				CLANG_WARN_RANGE_LOOP_ANALYSIS = YES;
				CLANG_WARN_STRICT_PROTOTYPES = YES;
				CLANG_WARN_SUSPICIOUS_MOVE = YES;
				CLANG_WARN_UNGUARDED_AVAILABILITY = YES_AGGRESSIVE;
				CLANG_WARN_UNREACHABLE_CODE = YES;
				CLANG_WARN__DUPLICATE_METHOD_MATCH = YES;
				COPY_PHASE_STRIP = NO;
				DEBUG_INFORMATION_FORMAT = "dwarf-with-dsym";
				ENABLE_NS_ASSERTIONS = NO;
				ENABLE_STRICT_OBJC_MSGSEND = YES;
				GCC_C_LANGUAGE_STANDARD = gnu11;
				GCC_NO_COMMON_BLOCKS = YES;
				GCC_WARN_64_TO_32_BIT_CONVERSION = YES;
				GCC_WARN_ABOUT_RETURN_TYPE = YES_ERROR;
				GCC_WARN_UNDECLARED_SELECTOR = YES;
				GCC_WARN_UNINITIALIZED_AUTOS = YES_AGGRESSIVE;
				GCC_WARN_UNUSED_FUNCTION = YES;
				GCC_WARN_UNUSED_VARIABLE = YES;
				IPHONEOS_DEPLOYMENT_TARGET = 14.1;
				MTL_ENABLE_DEBUG_INFO = NO;
				MTL_FAST_MATH = YES;
				SDKROOT = iphoneos;
				SWIFT_COMPILATION_MODE = wholemodule;
				SWIFT_OPTIMIZATION_LEVEL = "-O";
				VALIDATE_PRODUCT = YES;
			};
			name = Release;
		};
		8416EA932733F51A00FCA699 /* Debug */ = {
			isa = XCBuildConfiguration;
			buildSettings = {
				ASSETCATALOG_COMPILER_APPICON_NAME = AppIcon;
				ASSETCATALOG_COMPILER_GLOBAL_ACCENT_COLOR_NAME = AccentColor;
				CODE_SIGN_IDENTITY = "Apple Development";
				CODE_SIGN_STYLE = Automatic;
				DEVELOPMENT_TEAM = "";
				INFOPLIST_FILE = MovieKiller/Info.plist;
				LD_RUNPATH_SEARCH_PATHS = (
					"$(inherited)",
					"@executable_path/Frameworks",
				);
				PRODUCT_BUNDLE_IDENTIFIER = "george-and-felix.MovieKiller";
				PRODUCT_NAME = "$(TARGET_NAME)";
				PROVISIONING_PROFILE_SPECIFIER = "";
				SWIFT_VERSION = 5.0;
				TARGETED_DEVICE_FAMILY = "1,2";
			};
			name = Debug;
		};
		8416EA942733F51A00FCA699 /* Release */ = {
			isa = XCBuildConfiguration;
			buildSettings = {
				ASSETCATALOG_COMPILER_APPICON_NAME = AppIcon;
				ASSETCATALOG_COMPILER_GLOBAL_ACCENT_COLOR_NAME = AccentColor;
				CODE_SIGN_IDENTITY = "Apple Development";
				CODE_SIGN_STYLE = Automatic;
				DEVELOPMENT_TEAM = "";
				INFOPLIST_FILE = MovieKiller/Info.plist;
				LD_RUNPATH_SEARCH_PATHS = (
					"$(inherited)",
					"@executable_path/Frameworks",
				);
				PRODUCT_BUNDLE_IDENTIFIER = "george-and-felix.MovieKiller";
				PRODUCT_NAME = "$(TARGET_NAME)";
				PROVISIONING_PROFILE_SPECIFIER = "";
				SWIFT_VERSION = 5.0;
				TARGETED_DEVICE_FAMILY = "1,2";
			};
			name = Release;
		};
/* End XCBuildConfiguration section */

/* Begin XCConfigurationList section */
		8416EA792733F50400FCA699 /* Build configuration list for PBXProject "MovieKiller" */ = {
			isa = XCConfigurationList;
			buildConfigurations = (
				8416EA902733F51A00FCA699 /* Debug */,
				8416EA912733F51A00FCA699 /* Release */,
			);
			defaultConfigurationIsVisible = 0;
			defaultConfigurationName = Release;
		};
		8416EA922733F51A00FCA699 /* Build configuration list for PBXNativeTarget "MovieKiller" */ = {
			isa = XCConfigurationList;
			buildConfigurations = (
				8416EA932733F51A00FCA699 /* Debug */,
				8416EA942733F51A00FCA699 /* Release */,
			);
			defaultConfigurationIsVisible = 0;
			defaultConfigurationName = Release;
		};
/* End XCConfigurationList section */
	};
	rootObject = 8416EA762733F50400FCA699 /* Project object */;
}
